// !$*UTF8*$!
{
	archiveVersion = 1;
	classes = {
	};
	objectVersion = 50;
	objects = {

/* Begin PBXBuildFile section */
		144F790C221C5F6E0051434E /* CrimeData.cpp in Sources */ = {isa = PBXBuildFile; fileRef = 147073A52209ECA40012CAB8 /* CrimeData.cpp */; };
		1462872E22147E7A00A3DF27 /* LinearTester.cpp in Sources */ = {isa = PBXBuildFile; fileRef = 1462872C22147E7A00A3DF27 /* LinearTester.cpp */; };
		1470739E2209DDB20012CAB8 /* Timer.cpp in Sources */ = {isa = PBXBuildFile; fileRef = 1470739C2209DDB20012CAB8 /* Timer.cpp */; };
		147073A12209EB4B0012CAB8 /* FileController.cpp in Sources */ = {isa = PBXBuildFile; fileRef = 1470739F2209EB4B0012CAB8 /* FileController.cpp */; };
		14C7BA8C21FF5D9B00F8DC21 /* Controller.cpp in Sources */ = {isa = PBXBuildFile; fileRef = 14C7BA8A21FF5D9B00F8DC21 /* Controller.cpp */; };
		14C7BA8E21FF5EC200F8DC21 /* Runner.cpp in Sources */ = {isa = PBXBuildFile; fileRef = 14C7BA8D21FF5EC200F8DC21 /* Runner.cpp */; };
		14FBFEE7220C79E80021B06F /* Music.cpp in Sources */ = {isa = PBXBuildFile; fileRef = 14FBFEE6220C79E80021B06F /* Music.cpp */; };
/* End PBXBuildFile section */

/* Begin PBXCopyFilesBuildPhase section */
		14C7BA7821FF5B6100F8DC21 /* CopyFiles */ = {
			isa = PBXCopyFilesBuildPhase;
			buildActionMask = 2147483647;
			dstPath = /usr/share/man/man1/;
			dstSubfolderSpec = 0;
			files = (
			);
			runOnlyForDeploymentPostprocessing = 1;
		};
/* End PBXCopyFilesBuildPhase section */

/* Begin PBXFileReference section */
		142599BF2201F8DF00842E9A /* LinearNode.hpp */ = {isa = PBXFileReference; lastKnownFileType = sourcecode.cpp.h; path = LinearNode.hpp; sourceTree = "<group>"; };
		142599C12202061900842E9A /* Array.hpp */ = {isa = PBXFileReference; lastKnownFileType = sourcecode.cpp.h; path = Array.hpp; sourceTree = "<group>"; };
		1462872A22146EF700A3DF27 /* Queue.hpp */ = {isa = PBXFileReference; lastKnownFileType = sourcecode.cpp.h; path = Queue.hpp; sourceTree = "<group>"; };
		1462872C22147E7A00A3DF27 /* LinearTester.cpp */ = {isa = PBXFileReference; lastKnownFileType = sourcecode.cpp.cpp; path = LinearTester.cpp; sourceTree = "<group>"; };
		1462872D22147E7A00A3DF27 /* LinearTester.hpp */ = {isa = PBXFileReference; lastKnownFileType = sourcecode.cpp.h; path = LinearTester.hpp; sourceTree = "<group>"; };
		1470739C2209DDB20012CAB8 /* Timer.cpp */ = {isa = PBXFileReference; lastKnownFileType = sourcecode.cpp.cpp; path = Timer.cpp; sourceTree = "<group>"; };
		1470739D2209DDB20012CAB8 /* Timer.hpp */ = {isa = PBXFileReference; lastKnownFileType = sourcecode.cpp.h; path = Timer.hpp; sourceTree = "<group>"; };
		1470739F2209EB4B0012CAB8 /* FileController.cpp */ = {isa = PBXFileReference; lastKnownFileType = sourcecode.cpp.cpp; path = FileController.cpp; sourceTree = "<group>"; };
		147073A02209EB4B0012CAB8 /* FileController.hpp */ = {isa = PBXFileReference; lastKnownFileType = sourcecode.cpp.h; path = FileController.hpp; sourceTree = "<group>"; };
		147073A32209EC9B0012CAB8 /* music.csv */ = {isa = PBXFileReference; lastKnownFileType = text; path = music.csv; sourceTree = "<group>"; };
		147073A52209ECA40012CAB8 /* CrimeData.cpp */ = {isa = PBXFileReference; lastKnownFileType = sourcecode.cpp.cpp; path = CrimeData.cpp; sourceTree = "<group>"; };
		147073A62209ECA60012CAB8 /* CrimeData.hpp */ = {isa = PBXFileReference; lastKnownFileType = sourcecode.cpp.h; path = CrimeData.hpp; sourceTree = "<group>"; };
		147073A72209ECAA0012CAB8 /* crime.csv */ = {isa = PBXFileReference; lastKnownFileType = text; path = crime.csv; sourceTree = "<group>"; };
		14AADFE42204997000E896A4 /* List.hpp */ = {isa = PBXFileReference; lastKnownFileType = sourcecode.cpp.h; path = List.hpp; sourceTree = "<group>"; };
		14AADFE522049D8100E896A4 /* LinkedList.hpp */ = {isa = PBXFileReference; lastKnownFileType = sourcecode.cpp.h; path = LinkedList.hpp; sourceTree = "<group>"; };
		14C7BA7A21FF5B6100F8DC21 /* DataStructures */ = {isa = PBXFileReference; explicitFileType = "compiled.mach-o.executable"; includeInIndex = 0; path = DataStructures; sourceTree = BUILT_PRODUCTS_DIR; };
		14C7BA8921FF5C7C00F8DC21 /* C++EmpoleonStrikesBack.png */ = {isa = PBXFileReference; lastKnownFileType = image.png; path = "C++EmpoleonStrikesBack.png"; sourceTree = "<group>"; };
		14C7BA8A21FF5D9B00F8DC21 /* Controller.cpp */ = {isa = PBXFileReference; lastKnownFileType = sourcecode.cpp.cpp; path = Controller.cpp; sourceTree = "<group>"; };
		14C7BA8B21FF5D9B00F8DC21 /* Controller.hpp */ = {isa = PBXFileReference; lastKnownFileType = sourcecode.cpp.h; path = Controller.hpp; sourceTree = "<group>"; };
		14C7BA8D21FF5EC200F8DC21 /* Runner.cpp */ = {isa = PBXFileReference; lastKnownFileType = sourcecode.cpp.cpp; path = Runner.cpp; sourceTree = "<group>"; };
		14C7BA8F21FF60E900F8DC21 /* Node.hpp */ = {isa = PBXFileReference; lastKnownFileType = sourcecode.cpp.h; path = Node.hpp; sourceTree = "<group>"; };
		14DDE8F02211D61700105B54 /* Stack.hpp */ = {isa = PBXFileReference; lastKnownFileType = sourcecode.cpp.h; path = Stack.hpp; sourceTree = "<group>"; };
		14FBFEE3220C79CD0021B06F /* Music.hpp */ = {isa = PBXFileReference; lastKnownFileType = sourcecode.cpp.h; name = Music.hpp; path = ../../../../../Downloads/Music.hpp; sourceTree = "<group>"; };
		14FBFEE6220C79E80021B06F /* Music.cpp */ = {isa = PBXFileReference; fileEncoding = 4; lastKnownFileType = sourcecode.cpp.cpp; name = Music.cpp; path = ../../../../../Downloads/Music.cpp; sourceTree = "<group>"; };
/* End PBXFileReference section */

/* Begin PBXFrameworksBuildPhase section */
		14C7BA7721FF5B6100F8DC21 /* Frameworks */ = {
			isa = PBXFrameworksBuildPhase;
			buildActionMask = 2147483647;
			files = (
			);
			runOnlyForDeploymentPostprocessing = 0;
		};
/* End PBXFrameworksBuildPhase section */

/* Begin PBXGroup section */
		142599BE2201F0DC00842E9A /* Nodes */ = {
			isa = PBXGroup;
			children = (
				14C7BA8F21FF60E900F8DC21 /* Node.hpp */,
				142599BF2201F8DF00842E9A /* LinearNode.hpp */,
			);
			path = Nodes;
			sourceTree = "<group>";
		};
		142599C0220205FC00842E9A /* Linear */ = {
			isa = PBXGroup;
			children = (
				142599C12202061900842E9A /* Array.hpp */,
				14AADFE42204997000E896A4 /* List.hpp */,
				14AADFE522049D8100E896A4 /* LinkedList.hpp */,
				14DDE8F02211D61700105B54 /* Stack.hpp */,
				1462872A22146EF700A3DF27 /* Queue.hpp */,
			);
			path = Linear;
			sourceTree = "<group>";
		};
		1462872B22147E4C00A3DF27 /* Testers */ = {
			isa = PBXGroup;
			children = (
				1462872C22147E7A00A3DF27 /* LinearTester.cpp */,
				1462872D22147E7A00A3DF27 /* LinearTester.hpp */,
			);
			path = Testers;
			sourceTree = "<group>";
		};
		147073922209DC640012CAB8 /* Data */ = {
			isa = PBXGroup;
			children = (
			);
			path = Data;
			sourceTree = "<group>";
		};
		1470739B2209DD800012CAB8 /* Tools */ = {
			isa = PBXGroup;
			children = (
				1470739C2209DDB20012CAB8 /* Timer.cpp */,
				1470739D2209DDB20012CAB8 /* Timer.hpp */,
			);
			path = Tools;
			sourceTree = "<group>";
		};
		14C7BA7121FF5B6100F8DC21 = {
			isa = PBXGroup;
			children = (
				14C7BA7C21FF5B6100F8DC21 /* DataStructures */,
				14C7BA7B21FF5B6100F8DC21 /* Products */,
			);
			sourceTree = "<group>";
		};
		14C7BA7B21FF5B6100F8DC21 /* Products */ = {
			isa = PBXGroup;
			children = (
				14C7BA7A21FF5B6100F8DC21 /* DataStructures */,
			);
			name = Products;
			sourceTree = "<group>";
		};
		14C7BA7C21FF5B6100F8DC21 /* DataStructures */ = {
			isa = PBXGroup;
			children = (
				1462872B22147E4C00A3DF27 /* Testers */,
				147073922209DC640012CAB8 /* Data */,
				14C7BA8521FF5BDD00F8DC21 /* Model */,
				14C7BA8621FF5BE900F8DC21 /* Controller */,
				14C7BA8421FF5BCA00F8DC21 /* Diagrams */,
				14C7BA8721FF5BF600F8DC21 /* Resources */,
			);
			path = DataStructures;
			sourceTree = "<group>";
		};
		14C7BA8421FF5BCA00F8DC21 /* Diagrams */ = {
			isa = PBXGroup;
			children = (
				14C7BA8921FF5C7C00F8DC21 /* C++EmpoleonStrikesBack.png */,
			);
			path = Diagrams;
			sourceTree = "<group>";
		};
		14C7BA8521FF5BDD00F8DC21 /* Model */ = {
			isa = PBXGroup;
			children = (
				142599C0220205FC00842E9A /* Linear */,
				142599BE2201F0DC00842E9A /* Nodes */,
			);
			path = Model;
			sourceTree = "<group>";
		};
		14C7BA8621FF5BE900F8DC21 /* Controller */ = {
			isa = PBXGroup;
			children = (
				14C7BA8A21FF5D9B00F8DC21 /* Controller.cpp */,
				1470739B2209DD800012CAB8 /* Tools */,
				14C7BA8B21FF5D9B00F8DC21 /* Controller.hpp */,
				14C7BA8D21FF5EC200F8DC21 /* Runner.cpp */,
				1470739F2209EB4B0012CAB8 /* FileController.cpp */,
				147073A02209EB4B0012CAB8 /* FileController.hpp */,
			);
			path = Controller;
			sourceTree = "<group>";
		};
		14C7BA8721FF5BF600F8DC21 /* Resources */ = {
			isa = PBXGroup;
			children = (
				14FBFEE3220C79CD0021B06F /* Music.hpp */,
				14FBFEE6220C79E80021B06F /* Music.cpp */,
				147073A32209EC9B0012CAB8 /* music.csv */,
				147073A52209ECA40012CAB8 /* CrimeData.cpp */,
				147073A62209ECA60012CAB8 /* CrimeData.hpp */,
				147073A72209ECAA0012CAB8 /* crime.csv */,
			);
			path = Resources;
			sourceTree = "<group>";
		};
/* End PBXGroup section */

/* Begin PBXNativeTarget section */
		14C7BA7921FF5B6100F8DC21 /* DataStructures */ = {
			isa = PBXNativeTarget;
			buildConfigurationList = 14C7BA8121FF5B6100F8DC21 /* Build configuration list for PBXNativeTarget "DataStructures" */;
			buildPhases = (
				14C7BA7621FF5B6100F8DC21 /* Sources */,
				14C7BA7721FF5B6100F8DC21 /* Frameworks */,
				14C7BA7821FF5B6100F8DC21 /* CopyFiles */,
			);
			buildRules = (
			);
			dependencies = (
			);
			name = DataStructures;
			productName = DataStructures;
			productReference = 14C7BA7A21FF5B6100F8DC21 /* DataStructures */;
			productType = "com.apple.product-type.tool";
		};
/* End PBXNativeTarget section */

/* Begin PBXProject section */
		14C7BA7221FF5B6100F8DC21 /* Project object */ = {
			isa = PBXProject;
			attributes = {
				LastUpgradeCheck = 1000;
				ORGANIZATIONNAME = "Denna, Zachary";
				TargetAttributes = {
					14C7BA7921FF5B6100F8DC21 = {
						CreatedOnToolsVersion = 10.0;
					};
				};
			};
			buildConfigurationList = 14C7BA7521FF5B6100F8DC21 /* Build configuration list for PBXProject "DataStructures" */;
			compatibilityVersion = "Xcode 9.3";
			developmentRegion = en;
			hasScannedForEncodings = 0;
			knownRegions = (
				en,
			);
			mainGroup = 14C7BA7121FF5B6100F8DC21;
			productRefGroup = 14C7BA7B21FF5B6100F8DC21 /* Products */;
			projectDirPath = "";
			projectRoot = "";
			targets = (
				14C7BA7921FF5B6100F8DC21 /* DataStructures */,
			);
		};
/* End PBXProject section */

/* Begin PBXSourcesBuildPhase section */
		14C7BA7621FF5B6100F8DC21 /* Sources */ = {
			isa = PBXSourcesBuildPhase;
			buildActionMask = 2147483647;
			files = (
				14C7BA8C21FF5D9B00F8DC21 /* Controller.cpp in Sources */,
				14C7BA8E21FF5EC200F8DC21 /* Runner.cpp in Sources */,
				144F790C221C5F6E0051434E /* CrimeData.cpp in Sources */,
				1462872E22147E7A00A3DF27 /* LinearTester.cpp in Sources */,
				14FBFEE7220C79E80021B06F /* Music.cpp in Sources */,
				1470739E2209DDB20012CAB8 /* Timer.cpp in Sources */,
				147073A12209EB4B0012CAB8 /* FileController.cpp in Sources */,
			);
			runOnlyForDeploymentPostprocessing = 0;
		};
/* End PBXSourcesBuildPhase section */

/* Begin XCBuildConfiguration section */
		14C7BA7F21FF5B6100F8DC21 /* Debug */ = {
			isa = XCBuildConfiguration;
			buildSettings = {
				ALWAYS_SEARCH_USER_PATHS = NO;
				CLANG_ANALYZER_NONNULL = YES;
				CLANG_ANALYZER_NUMBER_OBJECT_CONVERSION = YES_AGGRESSIVE;
				CLANG_CXX_LANGUAGE_STANDARD = "gnu++14";
				CLANG_CXX_LIBRARY = "libc++";
				CLANG_ENABLE_MODULES = YES;
				CLANG_ENABLE_OBJC_ARC = YES;
				CLANG_ENABLE_OBJC_WEAK = YES;
				CLANG_WARN_BLOCK_CAPTURE_AUTORELEASING = YES;
				CLANG_WARN_BOOL_CONVERSION = YES;
				CLANG_WARN_COMMA = YES;
				CLANG_WARN_CONSTANT_CONVERSION = YES;
				CLANG_WARN_DEPRECATED_OBJC_IMPLEMENTATIONS = YES;
				CLANG_WARN_DIRECT_OBJC_ISA_USAGE = YES_ERROR;
				CLANG_WARN_DOCUMENTATION_COMMENTS = YES;
				CLANG_WARN_EMPTY_BODY = YES;
				CLANG_WARN_ENUM_CONVERSION = YES;
				CLANG_WARN_INFINITE_RECURSION = YES;
				CLANG_WARN_INT_CONVERSION = YES;
				CLANG_WARN_NON_LITERAL_NULL_CONVERSION = YES;
				CLANG_WARN_OBJC_IMPLICIT_RETAIN_SELF = YES;
				CLANG_WARN_OBJC_LITERAL_CONVERSION = YES;
				CLANG_WARN_OBJC_ROOT_CLASS = YES_ERROR;
				CLANG_WARN_RANGE_LOOP_ANALYSIS = YES;
				CLANG_WARN_STRICT_PROTOTYPES = YES;
				CLANG_WARN_SUSPICIOUS_MOVE = YES;
				CLANG_WARN_UNGUARDED_AVAILABILITY = YES_AGGRESSIVE;
				CLANG_WARN_UNREACHABLE_CODE = YES;
				CLANG_WARN__DUPLICATE_METHOD_MATCH = YES;
				CODE_SIGN_IDENTITY = "-";
				COPY_PHASE_STRIP = NO;
				DEBUG_INFORMATION_FORMAT = dwarf;
				ENABLE_STRICT_OBJC_MSGSEND = YES;
				ENABLE_TESTABILITY = YES;
				GCC_C_LANGUAGE_STANDARD = gnu11;
				GCC_DYNAMIC_NO_PIC = NO;
				GCC_NO_COMMON_BLOCKS = YES;
				GCC_OPTIMIZATION_LEVEL = 0;
				GCC_PREPROCESSOR_DEFINITIONS = (
					"DEBUG=1",
					"$(inherited)",
				);
				GCC_WARN_64_TO_32_BIT_CONVERSION = YES;
				GCC_WARN_ABOUT_RETURN_TYPE = YES_ERROR;
				GCC_WARN_UNDECLARED_SELECTOR = YES;
				GCC_WARN_UNINITIALIZED_AUTOS = YES_AGGRESSIVE;
				GCC_WARN_UNUSED_FUNCTION = YES;
				GCC_WARN_UNUSED_VARIABLE = YES;
				MACOSX_DEPLOYMENT_TARGET = 10.13;
				MTL_ENABLE_DEBUG_INFO = INCLUDE_SOURCE;
				MTL_FAST_MATH = YES;
				ONLY_ACTIVE_ARCH = YES;
				SDKROOT = macosx;
			};
			name = Debug;
		};
		14C7BA8021FF5B6100F8DC21 /* Release */ = {
			isa = XCBuildConfiguration;
			buildSettings = {
				ALWAYS_SEARCH_USER_PATHS = NO;
				CLANG_ANALYZER_NONNULL = YES;
				CLANG_ANALYZER_NUMBER_OBJECT_CONVERSION = YES_AGGRESSIVE;
				CLANG_CXX_LANGUAGE_STANDARD = "gnu++14";
				CLANG_CXX_LIBRARY = "libc++";
				CLANG_ENABLE_MODULES = YES;
				CLANG_ENABLE_OBJC_ARC = YES;
				CLANG_ENABLE_OBJC_WEAK = YES;
				CLANG_WARN_BLOCK_CAPTURE_AUTORELEASING = YES;
				CLANG_WARN_BOOL_CONVERSION = YES;
				CLANG_WARN_COMMA = YES;
				CLANG_WARN_CONSTANT_CONVERSION = YES;
				CLANG_WARN_DEPRECATED_OBJC_IMPLEMENTATIONS = YES;
				CLANG_WARN_DIRECT_OBJC_ISA_USAGE = YES_ERROR;
				CLANG_WARN_DOCUMENTATION_COMMENTS = YES;
				CLANG_WARN_EMPTY_BODY = YES;
				CLANG_WARN_ENUM_CONVERSION = YES;
				CLANG_WARN_INFINITE_RECURSION = YES;
				CLANG_WARN_INT_CONVERSION = YES;
				CLANG_WARN_NON_LITERAL_NULL_CONVERSION = YES;
				CLANG_WARN_OBJC_IMPLICIT_RETAIN_SELF = YES;
				CLANG_WARN_OBJC_LITERAL_CONVERSION = YES;
				CLANG_WARN_OBJC_ROOT_CLASS = YES_ERROR;
				CLANG_WARN_RANGE_LOOP_ANALYSIS = YES;
				CLANG_WARN_STRICT_PROTOTYPES = YES;
				CLANG_WARN_SUSPICIOUS_MOVE = YES;
				CLANG_WARN_UNGUARDED_AVAILABILITY = YES_AGGRESSIVE;
				CLANG_WARN_UNREACHABLE_CODE = YES;
				CLANG_WARN__DUPLICATE_METHOD_MATCH = YES;
				CODE_SIGN_IDENTITY = "-";
				COPY_PHASE_STRIP = NO;
				DEBUG_INFORMATION_FORMAT = "dwarf-with-dsym";
				ENABLE_NS_ASSERTIONS = NO;
				ENABLE_STRICT_OBJC_MSGSEND = YES;
				GCC_C_LANGUAGE_STANDARD = gnu11;
				GCC_NO_COMMON_BLOCKS = YES;
				GCC_WARN_64_TO_32_BIT_CONVERSION = YES;
				GCC_WARN_ABOUT_RETURN_TYPE = YES_ERROR;
				GCC_WARN_UNDECLARED_SELECTOR = YES;
				GCC_WARN_UNINITIALIZED_AUTOS = YES_AGGRESSIVE;
				GCC_WARN_UNUSED_FUNCTION = YES;
				GCC_WARN_UNUSED_VARIABLE = YES;
				MACOSX_DEPLOYMENT_TARGET = 10.13;
				MTL_ENABLE_DEBUG_INFO = NO;
				MTL_FAST_MATH = YES;
				SDKROOT = macosx;
			};
			name = Release;
		};
		14C7BA8221FF5B6100F8DC21 /* Debug */ = {
			isa = XCBuildConfiguration;
			buildSettings = {
				CODE_SIGN_STYLE = Automatic;
				PRODUCT_NAME = "$(TARGET_NAME)";
			};
			name = Debug;
		};
		14C7BA8321FF5B6100F8DC21 /* Release */ = {
			isa = XCBuildConfiguration;
			buildSettings = {
				CODE_SIGN_STYLE = Automatic;
				PRODUCT_NAME = "$(TARGET_NAME)";
			};
			name = Release;
		};
/* End XCBuildConfiguration section */

/* Begin XCConfigurationList section */
		14C7BA7521FF5B6100F8DC21 /* Build configuration list for PBXProject "DataStructures" */ = {
			isa = XCConfigurationList;
			buildConfigurations = (
				14C7BA7F21FF5B6100F8DC21 /* Debug */,
				14C7BA8021FF5B6100F8DC21 /* Release */,
			);
			defaultConfigurationIsVisible = 0;
			defaultConfigurationName = Release;
		};
		14C7BA8121FF5B6100F8DC21 /* Build configuration list for PBXNativeTarget "DataStructures" */ = {
			isa = XCConfigurationList;
			buildConfigurations = (
				14C7BA8221FF5B6100F8DC21 /* Debug */,
				14C7BA8321FF5B6100F8DC21 /* Release */,
			);
			defaultConfigurationIsVisible = 0;
			defaultConfigurationName = Release;
		};
/* End XCConfigurationList section */
	};
	rootObject = 14C7BA7221FF5B6100F8DC21 /* Project object */;
}
